
Microsoft Visual Studio Solution File, Format Version 12.00
# Visual Studio Version 17
VisualStudioVersion = 17.11.35219.272
MinimumVisualStudioVersion = 10.0.40219.1
Project("{FAE04EC0-301F-11D3-BF4B-00C04F79EFBC}") = "Server_HW3", "NetworkServerClient2\Server_HW3.csproj", "{089D061F-82FE-474C-A07E-EC0E8E086E4C}"
EndProject
Project("{FAE04EC0-301F-11D3-BF4B-00C04F79EFBC}") = "Client_HW3", "Client_HW3\Client_HW3.csproj", "{B4017B18-3C06-4A1B-9932-2A244868584D}"
EndProject
Project("{FAE04EC0-301F-11D3-BF4B-00C04F79EFBC}") = "Server_HW4", "Server_HW4\Server_HW4.csproj", "{A5520AE5-1B05-43BA-891E-BFF3D84ABC7F}"
EndProject
Project("{FAE04EC0-301F-11D3-BF4B-00C04F79EFBC}") = "Client_HW4", "Client_HW4\Client_HW4.csproj", "{F64DF677-E741-4AB9-ABC4-8A2133B0AE4C}"
EndProject
Global
	GlobalSection(SolutionConfigurationPlatforms) = preSolution
		Debug|Any CPU = Debug|Any CPU
		Release|Any CPU = Release|Any CPU
	EndGlobalSection
	GlobalSection(ProjectConfigurationPlatforms) = postSolution
		{089D061F-82FE-474C-A07E-EC0E8E086E4C}.Debug|Any CPU.ActiveCfg = Debug|Any CPU
		{089D061F-82FE-474C-A07E-EC0E8E086E4C}.Debug|Any CPU.Build.0 = Debug|Any CPU
		{089D061F-82FE-474C-A07E-EC0E8E086E4C}.Release|Any CPU.ActiveCfg = Release|Any CPU
		{089D061F-82FE-474C-A07E-EC0E8E086E4C}.Release|Any CPU.Build.0 = Release|Any CPU
		{B4017B18-3C06-4A1B-9932-2A244868584D}.Debug|Any CPU.ActiveCfg = Debug|Any CPU
		{B4017B18-3C06-4A1B-9932-2A244868584D}.Debug|Any CPU.Build.0 = Debug|Any CPU
		{B4017B18-3C06-4A1B-9932-2A244868584D}.Release|Any CPU.ActiveCfg = Release|Any CPU
		{B4017B18-3C06-4A1B-9932-2A244868584D}.Release|Any CPU.Build.0 = Release|Any CPU
		{A5520AE5-1B05-43BA-891E-BFF3D84ABC7F}.Debug|Any CPU.ActiveCfg = Debug|Any CPU
		{A5520AE5-1B05-43BA-891E-BFF3D84ABC7F}.Debug|Any CPU.Build.0 = Debug|Any CPU
		{A5520AE5-1B05-43BA-891E-BFF3D84ABC7F}.Release|Any CPU.ActiveCfg = Release|Any CPU
		{A5520AE5-1B05-43BA-891E-BFF3D84ABC7F}.Release|Any CPU.Build.0 = Release|Any CPU
		{F64DF677-E741-4AB9-ABC4-8A2133B0AE4C}.Debug|Any CPU.ActiveCfg = Debug|Any CPU
		{F64DF677-E741-4AB9-ABC4-8A2133B0AE4C}.Debug|Any CPU.Build.0 = Debug|Any CPU
		{F64DF677-E741-4AB9-ABC4-8A2133B0AE4C}.Release|Any CPU.ActiveCfg = Release|Any CPU
		{F64DF677-E741-4AB9-ABC4-8A2133B0AE4C}.Release|Any CPU.Build.0 = Release|Any CPU
	EndGlobalSection
	GlobalSection(SolutionProperties) = preSolution
		HideSolutionNode = FALSE
	EndGlobalSection
	GlobalSection(ExtensibilityGlobals) = postSolution
		SolutionGuid = {CB501C13-E94D-4A19-9DBF-D5E94D95D5DB}
	EndGlobalSection
EndGlobal
